
Microsoft Visual Studio Solution File, Format Version 12.00
# Visual Studio Version 17
VisualStudioVersion = 17.14.37111.16 d17.14
MinimumVisualStudioVersion = 10.0.40219.1
Project("{FAE04EC0-301F-11D3-BF4B-00C04F79EFBC}") = "MyContacts", "MyContacts\MyContacts.csproj", "{918B882D-6A46-4E14-8795-6B547474DD6C}"
EndProject
Global
	GlobalSection(SolutionConfigurationPlatforms) = preSolution
		Debug|Any CPU = Debug|Any CPU
		Release|Any CPU = Release|Any CPU
	EndGlobalSection
	GlobalSection(ProjectConfigurationPlatforms) = postSolution
		{918B882D-6A46-4E14-8795-6B547474DD6C}.Debug|Any CPU.ActiveCfg = Debug|Any CPU
		{918B882D-6A46-4E14-8795-6B547474DD6C}.Debug|Any CPU.Build.0 = Debug|Any CPU
		{918B882D-6A46-4E14-8795-6B547474DD6C}.Release|Any CPU.ActiveCfg = Release|Any CPU
		{918B882D-6A46-4E14-8795-6B547474DD6C}.Release|Any CPU.Build.0 = Release|Any CPU
	EndGlobalSection
	GlobalSection(SolutionProperties) = preSolution
		HideSolutionNode = FALSE
	EndGlobalSection
	GlobalSection(ExtensibilityGlobals) = postSolution
		SolutionGuid = {1054AF04-30E0-4357-8006-D36D9D708041}
	EndGlobalSection
EndGlobal
